# This is a Gradle generated file for dependency locking.
# Manual edits can break the build and are not advised.
# This file is expected to be part of source control.
# To regenerate this file, run: ./gradlew :core:database:dependencies --write-locks
androidx.activity:activity:1.5.1=debugCompileClasspath,debugRuntimeClasspath,debugUnitTestCompileClasspath,debugUnitTestRuntimeClasspath
androidx.annotation:annotation-experimental:1.3.1=debugCompileClasspath,debugUnitTestCompileClasspath
androidx.annotation:annotation-experimental:1.5.0=debugRuntimeClasspath,debugUnitTestRuntimeClasspath
androidx.annotation:annotation-jvm:1.9.1=_agp_internal_debug_kspClasspath,debugCompileClasspath,debugRuntimeClasspath,debugUnitTestCompileClasspath,debugUnitTestRuntimeClasspath,kspDebugKotlinProcessorClasspath
androidx.annotation:annotation:1.9.1=_agp_internal_debug_kspClasspath,debugCompileClasspath,debugRuntimeClasspath,debugUnitTestCompileClasspath,debugUnitTestRuntimeClasspath,kspDebugKotlinProcessorClasspath
androidx.arch.core:core-common:2.1.0=debugCompileClasspath,debugRuntimeClasspath,debugUnitTestCompileClasspath,debugUnitTestRuntimeClasspath
androidx.arch.core:core-runtime:2.0.0=debugCompileClasspath,debugUnitTestCompileClasspath
androidx.arch.core:core-runtime:2.1.0=debugRuntimeClasspath,debugUnitTestRuntimeClasspath
androidx.collection:collection-jvm:1.5.0=debugCompileClasspath,debugRuntimeClasspath,debugUnitTestCompileClasspath,debugUnitTestRuntimeClasspath
androidx.collection:collection:1.5.0=debugCompileClasspath,debugRuntimeClasspath,debugUnitTestCompileClasspath,debugUnitTestRuntimeClasspath
androidx.concurrent:concurrent-futures:1.0.0=debugRuntimeClasspath,debugUnitTestRuntimeClasspath
androidx.core:core-ktx:1.2.0=debugCompileClasspath,debugRuntimeClasspath,debugUnitTestCompileClasspath,debugUnitTestRuntimeClasspath
androidx.core:core:1.8.0=debugCompileClasspath,debugRuntimeClasspath,debugUnitTestCompileClasspath,debugUnitTestRuntimeClasspath
androidx.customview:customview:1.0.0=debugCompileClasspath,debugRuntimeClasspath,debugUnitTestCompileClasspath,debugUnitTestRuntimeClasspath
androidx.fragment:fragment:1.5.1=debugCompileClasspath,debugRuntimeClasspath,debugUnitTestCompileClasspath,debugUnitTestRuntimeClasspath
androidx.lifecycle:lifecycle-common:2.5.1=debugCompileClasspath,debugRuntimeClasspath,debugUnitTestCompileClasspath,debugUnitTestRuntimeClasspath
androidx.lifecycle:lifecycle-livedata-core:2.5.1=debugCompileClasspath,debugRuntimeClasspath,debugUnitTestCompileClasspath,debugUnitTestRuntimeClasspath
androidx.lifecycle:lifecycle-livedata:2.0.0=debugCompileClasspath,debugRuntimeClasspath,debugUnitTestCompileClasspath,debugUnitTestRuntimeClasspath
androidx.lifecycle:lifecycle-runtime:2.5.1=debugCompileClasspath,debugRuntimeClasspath,debugUnitTestCompileClasspath,debugUnitTestRuntimeClasspath
androidx.lifecycle:lifecycle-viewmodel-savedstate:2.5.1=debugCompileClasspath,debugRuntimeClasspath,debugUnitTestCompileClasspath,debugUnitTestRuntimeClasspath
androidx.lifecycle:lifecycle-viewmodel:2.5.1=debugCompileClasspath,debugRuntimeClasspath,debugUnitTestCompileClasspath,debugUnitTestRuntimeClasspath
androidx.loader:loader:1.0.0=debugCompileClasspath,debugRuntimeClasspath,debugUnitTestCompileClasspath,debugUnitTestRuntimeClasspath
androidx.room3:room3-common-jvm:3.0.2=_agp_internal_debug_kspClasspath,debugCompileClasspath,debugRuntimeClasspath,debugUnitTestCompileClasspath,debugUnitTestRuntimeClasspath,kspDebugKotlinProcessorClasspath
androidx.room3:room3-common:3.0.2=_agp_internal_debug_kspClasspath,debugCompileClasspath,debugRuntimeClasspath,debugUnitTestCompileClasspath,debugUnitTestRuntimeClasspath,kspDebugKotlinProcessorClasspath
androidx.room3:room3-compiler-processing:3.0.2=_agp_internal_debug_kspClasspath,kspDebugKotlinProcessorClasspath
androidx.room3:room3-compiler:3.0.2=_agp_internal_debug_kspClasspath,kspDebugKotlinProcessorClasspath
androidx.room3:room3-external-antlr:3.0.2=_agp_internal_debug_kspClasspath,kspDebugKotlinProcessorClasspath
androidx.room3:room3-migration-jvm:3.0.2=_agp_internal_debug_kspClasspath,kspDebugKotlinProcessorClasspath
androidx.room3:room3-migration:3.0.2=_agp_internal_debug_kspClasspath,kspDebugKotlinProcessorClasspath
androidx.room3:room3-runtime-android:3.0.2=debugCompileClasspath,debugRuntimeClasspath,debugUnitTestCompileClasspath,debugUnitTestRuntimeClasspath
androidx.room3:room3-runtime:3.0.2=debugCompileClasspath,debugRuntimeClasspath,debugUnitTestCompileClasspath,debugUnitTestRuntimeClasspath
androidx.savedstate:savedstate:1.2.0=debugCompileClasspath,debugRuntimeClasspath,debugUnitTestCompileClasspath,debugUnitTestRuntimeClasspath
androidx.sqlite:sqlite-android:2.7.0=debugCompileClasspath,debugRuntimeClasspath,debugUnitTestCompileClasspath,debugUnitTestRuntimeClasspath
androidx.sqlite:sqlite-async-android:2.7.0=debugRuntimeClasspath,debugUnitTestRuntimeClasspath
androidx.sqlite:sqlite-async:2.7.0=debugRuntimeClasspath,debugUnitTestRuntimeClasspath
androidx.sqlite:sqlite-framework-android:2.7.0=debugCompileClasspath,debugRuntimeClasspath,debugUnitTestCompileClasspath,debugUnitTestRuntimeClasspath
androidx.sqlite:sqlite-framework:2.7.0=debugCompileClasspath,debugRuntimeClasspath,debugUnitTestCompileClasspath,debugUnitTestRuntimeClasspath
androidx.sqlite:sqlite:2.7.0=debugCompileClasspath,debugRuntimeClasspath,debugUnitTestCompileClasspath,debugUnitTestRuntimeClasspath
androidx.test.espresso:espresso-idling-resource:3.6.1=debugUnitTestRuntimeClasspath
androidx.test:monitor:1.7.2=debugUnitTestCompileClasspath,debugUnitTestRuntimeClasspath
androidx.tracing:tracing:1.0.0=debugRuntimeClasspath,debugUnitTestRuntimeClasspath
androidx.versionedparcelable:versionedparcelable:1.1.1=debugCompileClasspath,debugRuntimeClasspath,debugUnitTestCompileClasspath,debugUnitTestRuntimeClasspath
androidx.viewpager:viewpager:1.0.0=debugCompileClasspath,debugRuntimeClasspath,debugUnitTestCompileClasspath,debugUnitTestRuntimeClasspath
app.cash.turbine:turbine-jvm:1.2.1=debugUnitTestCompileClasspath,debugUnitTestRuntimeClasspath
app.cash.turbine:turbine:1.2.1=debugUnitTestCompileClasspath,debugUnitTestRuntimeClasspath
com.almworks.sqlite4java:sqlite4java:1.0.392=debugUnitTestCompileClasspath,debugUnitTestRuntimeClasspath
com.google.auto.value:auto-value-annotations:1.11.0=debugUnitTestCompileClasspath,debugUnitTestRuntimeClasspath
com.google.auto.value:auto-value-annotations:1.6.3=_agp_internal_debug_kspClasspath,kspDebugKotlinProcessorClasspath
com.google.auto:auto-common:1.2.1=_agp_internal_debug_kspClasspath,kspDebugKotlinProcessorClasspath
com.google.code.findbugs:jsr305:3.0.2=_agp_internal_debug_kspClasspath,debugCompileClasspath,debugRuntimeClasspath,debugUnitTestCompileClasspath,debugUnitTestRuntimeClasspath,kspDebugKotlinProcessorClasspath
com.google.dagger:dagger-compiler:2.60.1=_agp_internal_debug_kspClasspath,kspDebugKotlinProcessorClasspath
com.google.dagger:dagger-lint-aar:2.60.1=debugCompileClasspath,debugRuntimeClasspath,debugUnitTestCompileClasspath,debugUnitTestRuntimeClasspath
com.google.dagger:dagger-spi:2.60.1=_agp_internal_debug_kspClasspath,kspDebugKotlinProcessorClasspath
com.google.dagger:dagger:2.60.1=_agp_internal_debug_kspClasspath,debugCompileClasspath,debugRuntimeClasspath,debugUnitTestCompileClasspath,debugUnitTestRuntimeClasspath,kspDebugKotlinProcessorClasspath
com.google.dagger:hilt-android:2.60.1=debugCompileClasspath,debugRuntimeClasspath,debugUnitTestCompileClasspath,debugUnitTestRuntimeClasspath
com.google.dagger:hilt-compiler:2.60.1=_agp_internal_debug_kspClasspath,kspDebugKotlinProcessorClasspath
com.google.dagger:hilt-core:2.60.1=debugCompileClasspath,debugRuntimeClasspath,debugUnitTestCompileClasspath,debugUnitTestRuntimeClasspath
com.google.devtools.ksp:symbol-processing-api:2.3.11=kotlinCompilerPluginClasspathDebug,kotlinCompilerPluginClasspathDebugUnitTest
com.google.devtools.ksp:symbol-processing-api:2.3.7=_agp_internal_debug_kspClasspath,kspDebugKotlinProcessorClasspath
com.google.errorprone:error_prone_annotation:2.38.0=debugUnitTestRuntimeClasspath
com.google.errorprone:error_prone_annotations:2.36.0=debugUnitTestCompileClasspath,debugUnitTestRuntimeClasspath
com.google.errorprone:error_prone_annotations:2.47.0=_agp_internal_debug_kspClasspath,kspDebugKotlinProcessorClasspath
com.google.googlejavaformat:google-java-format:1.33.0=_agp_internal_debug_kspClasspath,kspDebugKotlinProcessorClasspath
com.google.guava:failureaccess:1.0.3=_agp_internal_debug_kspClasspath,debugUnitTestCompileClasspath,debugUnitTestRuntimeClasspath,kspDebugKotlinProcessorClasspath
com.google.guava:guava:33.4.8-jre=debugUnitTestCompileClasspath,debugUnitTestRuntimeClasspath
com.google.guava:guava:33.6.0-jre=_agp_internal_debug_kspClasspath,kspDebugKotlinProcessorClasspath
com.google.guava:listenablefuture:1.0=debugRuntimeClasspath
com.google.guava:listenablefuture:9999.0-empty-to-avoid-conflict-with-guava=_agp_internal_debug_kspClasspath,debugUnitTestCompileClasspath,debugUnitTestRuntimeClasspath,kspDebugKotlinProcessorClasspath
com.google.j2objc:j2objc-annotations:3.0.0=debugUnitTestCompileClasspath,debugUnitTestRuntimeClasspath
com.google.j2objc:j2objc-annotations:3.1=_agp_internal_debug_kspClasspath,kspDebugKotlinProcessorClasspath
com.google.testparameterinjector:test-parameter-injector:1.18=debugUnitTestRuntimeClasspath
com.ibm.icu:icu4j:77.1=debugUnitTestCompileClasspath,debugUnitTestRuntimeClasspath
com.intellij:annotations:12.0=_agp_internal_debug_kspClasspath,kspDebugKotlinProcessorClasspath
com.squareup:javapoet:1.13.0=_agp_internal_debug_kspClasspath,kspDebugKotlinProcessorClasspath
com.squareup:kotlinpoet-javapoet:2.0.0=_agp_internal_debug_kspClasspath,kspDebugKotlinProcessorClasspath
com.squareup:kotlinpoet-jvm:2.0.0=_agp_internal_debug_kspClasspath,kspDebugKotlinProcessorClasspath
com.squareup:kotlinpoet:2.0.0=_agp_internal_debug_kspClasspath,kspDebugKotlinProcessorClasspath
dev.drewhamilton.poko:poko-annotations-jvm:0.17.1=detekt,detektPlugins
dev.drewhamilton.poko:poko-annotations:0.17.1=detekt,detektPlugins
io.github.davidburstrom.contester:contester-breakpoint:0.2.0=detekt,detektPlugins
io.github.detekt.sarif4k:sarif4k-jvm:0.6.0=detekt,detektPlugins
io.github.detekt.sarif4k:sarif4k:0.6.0=detekt,detektPlugins
io.gitlab.arturbosch.detekt:detekt-api:1.23.8=detekt,detektPlugins
io.gitlab.arturbosch.detekt:detekt-cli:1.23.8=detekt
io.gitlab.arturbosch.detekt:detekt-core:1.23.8=detekt,detektPlugins
io.gitlab.arturbosch.detekt:detekt-metrics:1.23.8=detekt,detektPlugins
io.gitlab.arturbosch.detekt:detekt-parser:1.23.8=detekt,detektPlugins
io.gitlab.arturbosch.detekt:detekt-psi-utils:1.23.8=detekt,detektPlugins
io.gitlab.arturbosch.detekt:detekt-report-html:1.23.8=detekt,detektPlugins
io.gitlab.arturbosch.detekt:detekt-report-md:1.23.8=detekt,detektPlugins
io.gitlab.arturbosch.detekt:detekt-report-sarif:1.23.8=detekt,detektPlugins
io.gitlab.arturbosch.detekt:detekt-report-txt:1.23.8=detekt,detektPlugins
io.gitlab.arturbosch.detekt:detekt-report-xml:1.23.8=detekt,detektPlugins
io.gitlab.arturbosch.detekt:detekt-rules-complexity:1.23.8=detekt
io.gitlab.arturbosch.detekt:detekt-rules-coroutines:1.23.8=detekt
io.gitlab.arturbosch.detekt:detekt-rules-documentation:1.23.8=detekt
io.gitlab.arturbosch.detekt:detekt-rules-empty:1.23.8=detekt
io.gitlab.arturbosch.detekt:detekt-rules-errorprone:1.23.8=detekt
io.gitlab.arturbosch.detekt:detekt-rules-exceptions:1.23.8=detekt
io.gitlab.arturbosch.detekt:detekt-rules-naming:1.23.8=detekt
io.gitlab.arturbosch.detekt:detekt-rules-performance:1.23.8=detekt
io.gitlab.arturbosch.detekt:detekt-rules-style:1.23.8=detekt
io.gitlab.arturbosch.detekt:detekt-rules:1.23.8=detekt
io.gitlab.arturbosch.detekt:detekt-tooling:1.23.8=detekt,detektPlugins
io.gitlab.arturbosch.detekt:detekt-utils:1.23.8=detekt,detektPlugins
io.nlopez.compose.rules:common-detekt:0.4.28=detektPlugins
io.nlopez.compose.rules:detekt:0.4.28=detektPlugins
jakarta.inject:jakarta.inject-api:2.0.1=_agp_internal_debug_kspClasspath,debugCompileClasspath,debugRuntimeClasspath,debugUnitTestCompileClasspath,debugUnitTestRuntimeClasspath,kspDebugKotlinProcessorClasspath
javax.annotation:javax.annotation-api:1.3.2=debugUnitTestCompileClasspath,debugUnitTestRuntimeClasspath
javax.inject:javax.inject:1=_agp_internal_debug_kspClasspath,debugCompileClasspath,debugRuntimeClasspath,debugUnitTestCompileClasspath,debugUnitTestRuntimeClasspath,kspDebugKotlinProcessorClasspath
junit:junit:4.13.2=debugUnitTestCompileClasspath,debugUnitTestRuntimeClasspath
net.ltgt.gradle.incap:incap:0.2=_agp_internal_debug_kspClasspath,kspDebugKotlinProcessorClasspath
org.bouncycastle:bcprov-jdk18on:1.80=debugUnitTestCompileClasspath,debugUnitTestRuntimeClasspath
org.checkerframework:checker-compat-qual:2.5.3=_agp_internal_debug_kspClasspath,kspDebugKotlinProcessorClasspath
org.conscrypt:conscrypt-openjdk-uber:2.5.2=debugUnitTestRuntimeClasspath
org.hamcrest:hamcrest-core:1.3=debugUnitTestCompileClasspath,debugUnitTestRuntimeClasspath
org.jcommander:jcommander:1.85=detekt
org.jetbrains.intellij.deps:trove4j:1.0.20200330=detekt,detektPlugins
org.jetbrains.kotlin:kotlin-build-tools-api:2.4.10=kotlinBuildToolsApiClasspath
org.jetbrains.kotlin:kotlin-build-tools-compat:2.4.10=kotlinBuildToolsApiClasspath
org.jetbrains.kotlin:kotlin-build-tools-cri-impl:2.4.10=kotlinBuildToolsApiClasspath
org.jetbrains.kotlin:kotlin-build-tools-impl:2.4.10=kotlinBuildToolsApiClasspath
org.jetbrains.kotlin:kotlin-compiler-embeddable:2.0.21=detekt,detektPlugins
org.jetbrains.kotlin:kotlin-compiler-embeddable:2.4.10=kotlinBuildToolsApiClasspath
org.jetbrains.kotlin:kotlin-compiler-runner:2.4.10=kotlinBuildToolsApiClasspath
org.jetbrains.kotlin:kotlin-daemon-client:2.4.10=kotlinBuildToolsApiClasspath
org.jetbrains.kotlin:kotlin-daemon-embeddable:2.0.21=detekt,detektPlugins
org.jetbrains.kotlin:kotlin-daemon-embeddable:2.4.10=kotlinBuildToolsApiClasspath
org.jetbrains.kotlin:kotlin-metadata-jvm:2.3.21=_agp_internal_debug_kspClasspath,kspDebugKotlinProcessorClasspath
org.jetbrains.kotlin:kotlin-reflect:1.6.10=kotlinBuildToolsApiClasspath
org.jetbrains.kotlin:kotlin-reflect:2.0.10=_agp_internal_debug_kspClasspath,kspDebugKotlinProcessorClasspath
org.jetbrains.kotlin:kotlin-reflect:2.0.21=detekt,detektPlugins
org.jetbrains.kotlin:kotlin-script-runtime:2.0.21=detekt,detektPlugins
org.jetbrains.kotlin:kotlin-script-runtime:2.4.10=kotlinBuildToolsApiClasspath
org.jetbrains.kotlin:kotlin-stdlib-common:2.0.21=detekt
org.jetbrains.kotlin:kotlin-stdlib-common:2.2.0=detektPlugins
org.jetbrains.kotlin:kotlin-stdlib-jdk7:1.8.0=detekt,detektPlugins
org.jetbrains.kotlin:kotlin-stdlib-jdk8:1.8.0=detekt,detektPlugins
org.jetbrains.kotlin:kotlin-stdlib:2.0.21=detekt
org.jetbrains.kotlin:kotlin-stdlib:2.2.0=detektPlugins
org.jetbrains.kotlin:kotlin-stdlib:2.3.20=kotlinCompilerPluginClasspathDebug,kotlinCompilerPluginClasspathDebugUnitTest
org.jetbrains.kotlin:kotlin-stdlib:2.3.21=_agp_internal_debug_kspClasspath,kspDebugKotlinProcessorClasspath
org.jetbrains.kotlin:kotlin-stdlib:2.4.10=debugCompileClasspath,debugRuntimeClasspath,debugUnitTestCompileClasspath,debugUnitTestRuntimeClasspath,kotlinBuildToolsApiClasspath
org.jetbrains.kotlin:kotlin-tooling-core:2.4.10=kotlinBuildToolsApiClasspath
org.jetbrains.kotlinx:kotlinx-coroutines-android:1.10.2=debugCompileClasspath,debugRuntimeClasspath,debugUnitTestCompileClasspath,debugUnitTestRuntimeClasspath
org.jetbrains.kotlinx:kotlinx-coroutines-bom:1.10.2=debugCompileClasspath,debugRuntimeClasspath,debugUnitTestCompileClasspath,debugUnitTestRuntimeClasspath
org.jetbrains.kotlinx:kotlinx-coroutines-core-jvm:1.10.2=debugCompileClasspath,debugRuntimeClasspath,debugUnitTestCompileClasspath,debugUnitTestRuntimeClasspath
org.jetbrains.kotlinx:kotlinx-coroutines-core-jvm:1.6.4=detekt,detektPlugins
org.jetbrains.kotlinx:kotlinx-coroutines-core-jvm:1.8.0=kotlinBuildToolsApiClasspath
org.jetbrains.kotlinx:kotlinx-coroutines-core:1.10.2=debugCompileClasspath,debugRuntimeClasspath,debugUnitTestCompileClasspath,debugUnitTestRuntimeClasspath
org.jetbrains.kotlinx:kotlinx-coroutines-test-jvm:1.10.2=debugUnitTestCompileClasspath,debugUnitTestRuntimeClasspath
org.jetbrains.kotlinx:kotlinx-coroutines-test:1.10.2=debugUnitTestCompileClasspath,debugUnitTestRuntimeClasspath
org.jetbrains.kotlinx:kotlinx-html-jvm:0.8.1=detekt,detektPlugins
org.jetbrains.kotlinx:kotlinx-serialization-bom:1.8.1=_agp_internal_debug_kspClasspath,kspDebugKotlinProcessorClasspath
org.jetbrains.kotlinx:kotlinx-serialization-core-jvm:1.4.1=detekt,detektPlugins
org.jetbrains.kotlinx:kotlinx-serialization-core-jvm:1.8.1=_agp_internal_debug_kspClasspath,kspDebugKotlinProcessorClasspath
org.jetbrains.kotlinx:kotlinx-serialization-core:1.4.1=detekt,detektPlugins
org.jetbrains.kotlinx:kotlinx-serialization-core:1.8.1=_agp_internal_debug_kspClasspath,kspDebugKotlinProcessorClasspath
org.jetbrains.kotlinx:kotlinx-serialization-json-jvm:1.4.1=detekt,detektPlugins
org.jetbrains.kotlinx:kotlinx-serialization-json-jvm:1.8.1=_agp_internal_debug_kspClasspath,kspDebugKotlinProcessorClasspath
org.jetbrains.kotlinx:kotlinx-serialization-json:1.4.1=detekt,detektPlugins
org.jetbrains.kotlinx:kotlinx-serialization-json:1.8.1=_agp_internal_debug_kspClasspath,kspDebugKotlinProcessorClasspath
org.jetbrains:annotations:13.0=_agp_internal_debug_kspClasspath,detekt,detektPlugins,kotlinBuildToolsApiClasspath,kotlinCompilerPluginClasspathDebug,kotlinCompilerPluginClasspathDebugUnitTest,kspDebugKotlinProcessorClasspath
org.jetbrains:annotations:23.0.0=debugCompileClasspath,debugRuntimeClasspath,debugUnitTestCompileClasspath,debugUnitTestRuntimeClasspath
org.jspecify:jspecify:1.0.0=_agp_internal_debug_kspClasspath,debugCompileClasspath,debugRuntimeClasspath,debugUnitTestCompileClasspath,debugUnitTestRuntimeClasspath,kspDebugKotlinProcessorClasspath
org.ow2.asm:asm-commons:9.8=debugUnitTestCompileClasspath,debugUnitTestRuntimeClasspath
org.ow2.asm:asm-tree:9.8=debugUnitTestCompileClasspath,debugUnitTestRuntimeClasspath
org.ow2.asm:asm:9.8=debugUnitTestCompileClasspath,debugUnitTestRuntimeClasspath
org.robolectric:annotations:4.15.1=debugUnitTestCompileClasspath,debugUnitTestRuntimeClasspath
org.robolectric:junit:4.15.1=debugUnitTestCompileClasspath,debugUnitTestRuntimeClasspath
org.robolectric:nativeruntime-dist-compat:1.0.17=debugUnitTestRuntimeClasspath
org.robolectric:nativeruntime:4.15.1=debugUnitTestCompileClasspath,debugUnitTestRuntimeClasspath
org.robolectric:pluginapi:4.15.1=debugUnitTestCompileClasspath,debugUnitTestRuntimeClasspath
org.robolectric:plugins-maven-dependency-resolver:4.15.1=debugUnitTestCompileClasspath,debugUnitTestRuntimeClasspath
org.robolectric:resources:4.15.1=debugUnitTestCompileClasspath,debugUnitTestRuntimeClasspath
org.robolectric:robolectric:4.15.1=debugUnitTestCompileClasspath,debugUnitTestRuntimeClasspath
org.robolectric:sandbox:4.15.1=debugUnitTestCompileClasspath,debugUnitTestRuntimeClasspath
org.robolectric:shadowapi:4.15.1=debugUnitTestCompileClasspath,debugUnitTestRuntimeClasspath
org.robolectric:shadows-framework:4.15.1=debugUnitTestCompileClasspath,debugUnitTestRuntimeClasspath
org.robolectric:utils-reflector:4.15.1=debugUnitTestCompileClasspath,debugUnitTestRuntimeClasspath
org.robolectric:utils:4.15.1=debugUnitTestCompileClasspath,debugUnitTestRuntimeClasspath
org.snakeyaml:snakeyaml-engine:2.7=detekt,detektPlugins
org.xerial:sqlite-jdbc:3.50.3.0=_agp_internal_debug_kspClasspath,kspDebugKotlinProcessorClasspath
org.yaml:snakeyaml:2.4=debugUnitTestRuntimeClasspath
empty=_agp_internal_debugUnitTest_kspClasspath,androidApis,androidJdkImage,debugAnnotationProcessorClasspath,debugUnitTestAnnotationProcessorClasspath,hiltCompileOnlyDebugUnitTest,kotlinCompilerPluginClasspath,kspDebugUnitTestKotlinProcessorClasspath,lintPublish
